
Microsoft Visual Studio Solution File, Format Version 12.00
# Visual Studio Version 16
VisualStudioVersion = 16.0.31205.134
MinimumVisualStudioVersion = 10.0.40219.1
Project("{FAE04EC0-301F-11D3-BF4B-00C04F79EFBC}") = "TwentyFourHourAssignment", "TwentyFourHourAssignment\TwentyFourHourAssignment.csproj", "{B30462DC-6DAC-4DD0-82DF-F71926F08644}"
EndProject
Global
	GlobalSection(SolutionConfigurationPlatforms) = preSolution
		Debug|Any CPU = Debug|Any CPU
		Release|Any CPU = Release|Any CPU
	EndGlobalSection
	GlobalSection(ProjectConfigurationPlatforms) = postSolution
		{B30462DC-6DAC-4DD0-82DF-F71926F08644}.Debug|Any CPU.ActiveCfg = Debug|Any CPU
		{B30462DC-6DAC-4DD0-82DF-F71926F08644}.Debug|Any CPU.Build.0 = Debug|Any CPU
		{B30462DC-6DAC-4DD0-82DF-F71926F08644}.Release|Any CPU.ActiveCfg = Release|Any CPU
		{B30462DC-6DAC-4DD0-82DF-F71926F08644}.Release|Any CPU.Build.0 = Release|Any CPU
	EndGlobalSection
	GlobalSection(SolutionProperties) = preSolution
		HideSolutionNode = FALSE
	EndGlobalSection
	GlobalSection(ExtensibilityGlobals) = postSolution
		SolutionGuid = {CE7DF91C-FF0E-4E94-AD38-8D17C3A0714F}
	EndGlobalSection
EndGlobal
